{
  "name": "passwords-client",
  "version": "0.0.4",
  "lockfileVersion": 1,
  "requires": true,
  "dependencies": {
    "eventemitter3": {
      "version": "3.1.2",
      "resolved": "https://registry.npmjs.org/eventemitter3/-/eventemitter3-3.1.2.tgz",
      "integrity": "sha512-tvtQIeLVHjDkJYnzf2dgVMxfuSGJeM/7UCG17TT4EumTfNtF+0nebF/4zWOIkCreAbtNqhGEboB6BWrwqNaw4Q=="
    },
    "libsodium": {
      "version": "0.7.5",
      "resolved": "https://registry.npmjs.org/libsodium/-/libsodium-0.7.5.tgz",
      "integrity": "sha512-0YVU2QJc5sDR5HHkGCaliYImS7pGeXi11fiOfm4DirBd96PJVZIn3LJa06ZOFjLNsWkL3UbNjYhLRUOABPL9vw=="
    },
    "libsodium-wrappers": {
      "version": "0.7.5",
      "resolved": "https://registry.npmjs.org/libsodium-wrappers/-/libsodium-wrappers-0.7.5.tgz",
      "integrity": "sha512-QE9Q+FxLLGdJRiJTuC2GB3LEHZeHX/VcbMQeNPdAixEKo86JPy6bOWND1XmMLu0tjWUu0xIY0YpJYQApxIZwbQ==",
      "requires": {
        "libsodium": "0.7.5"
      }
    }
  }
}
